// !$*UTF8*$!
{
	archiveVersion = 1;
	classes = {
	};
	objectVersion = 56;
	objects = {

/* Begin PBXBuildFile section */
		0635428C2908B6B7001BD7A5 /* AppDelegate.swift in Sources */ = {isa = PBXBuildFile; fileRef = 0635428B2908B6B7001BD7A5 /* AppDelegate.swift */; };
		0635428E2908B6B7001BD7A5 /* SceneDelegate.swift in Sources */ = {isa = PBXBuildFile; fileRef = 0635428D2908B6B7001BD7A5 /* SceneDelegate.swift */; };
		063542902908B6B7001BD7A5 /* DogViewController.swift in Sources */ = {isa = PBXBuildFile; fileRef = 0635428F2908B6B7001BD7A5 /* DogViewController.swift */; };
		063542952908B6B9001BD7A5 /* Assets.xcassets in Resources */ = {isa = PBXBuildFile; fileRef = 063542942908B6B9001BD7A5 /* Assets.xcassets */; };
		063542982908B6B9001BD7A5 /* LaunchScreen.storyboard in Resources */ = {isa = PBXBuildFile; fileRef = 063542962908B6B9001BD7A5 /* LaunchScreen.storyboard */; };
		063542A02908B970001BD7A5 /* DogView.swift in Sources */ = {isa = PBXBuildFile; fileRef = 0635429F2908B970001BD7A5 /* DogView.swift */; };
		063542A429094E0C001BD7A5 /* DogTableViewCell.swift in Sources */ = {isa = PBXBuildFile; fileRef = 063542A329094E0C001BD7A5 /* DogTableViewCell.swift */; };
		067BA943290952BA001B0D59 /* DogViewModel.swift in Sources */ = {isa = PBXBuildFile; fileRef = 067BA942290952BA001B0D59 /* DogViewModel.swift */; };
		067BA947290963F9001B0D59 /* UIViewController+Extensions.swift in Sources */ = {isa = PBXBuildFile; fileRef = 067BA946290963F9001B0D59 /* UIViewController+Extensions.swift */; };
/* End PBXBuildFile section */

/* Begin PBXFileReference section */
		063542882908B6B7001BD7A5 /* DezRacas.app */ = {isa = PBXFileReference; explicitFileType = wrapper.application; includeInIndex = 0; path = DezRacas.app; sourceTree = BUILT_PRODUCTS_DIR; };
		0635428B2908B6B7001BD7A5 /* AppDelegate.swift */ = {isa = PBXFileReference; lastKnownFileType = sourcecode.swift; path = AppDelegate.swift; sourceTree = "<group>"; };
		0635428D2908B6B7001BD7A5 /* SceneDelegate.swift */ = {isa = PBXFileReference; lastKnownFileType = sourcecode.swift; path = SceneDelegate.swift; sourceTree = "<group>"; };
		0635428F2908B6B7001BD7A5 /* DogViewController.swift */ = {isa = PBXFileReference; lastKnownFileType = sourcecode.swift; path = DogViewController.swift; sourceTree = "<group>"; };
		063542942908B6B9001BD7A5 /* Assets.xcassets */ = {isa = PBXFileReference; lastKnownFileType = folder.assetcatalog; path = Assets.xcassets; sourceTree = "<group>"; };
		063542972908B6B9001BD7A5 /* Base */ = {isa = PBXFileReference; lastKnownFileType = file.storyboard; name = Base; path = Base.lproj/LaunchScreen.storyboard; sourceTree = "<group>"; };
		063542992908B6B9001BD7A5 /* Info.plist */ = {isa = PBXFileReference; lastKnownFileType = text.plist.xml; path = Info.plist; sourceTree = "<group>"; };
		0635429F2908B970001BD7A5 /* DogView.swift */ = {isa = PBXFileReference; lastKnownFileType = sourcecode.swift; path = DogView.swift; sourceTree = "<group>"; };
		063542A329094E0C001BD7A5 /* DogTableViewCell.swift */ = {isa = PBXFileReference; lastKnownFileType = sourcecode.swift; path = DogTableViewCell.swift; sourceTree = "<group>"; };
		067BA942290952BA001B0D59 /* DogViewModel.swift */ = {isa = PBXFileReference; lastKnownFileType = sourcecode.swift; path = DogViewModel.swift; sourceTree = "<group>"; };
		067BA946290963F9001B0D59 /* UIViewController+Extensions.swift */ = {isa = PBXFileReference; lastKnownFileType = sourcecode.swift; path = "UIViewController+Extensions.swift"; sourceTree = "<group>"; };
/* End PBXFileReference section */

/* Begin PBXFrameworksBuildPhase section */
		063542852908B6B7001BD7A5 /* Frameworks */ = {
			isa = PBXFrameworksBuildPhase;
			buildActionMask = 2147483647;
			files = (
			);
			runOnlyForDeploymentPostprocessing = 0;
		};
/* End PBXFrameworksBuildPhase section */

/* Begin PBXGroup section */
		0635427F2908B6B7001BD7A5 = {
			isa = PBXGroup;
			children = (
				0635428A2908B6B7001BD7A5 /* DezRacas */,
				063542892908B6B7001BD7A5 /* Products */,
			);
			sourceTree = "<group>";
		};
		063542892908B6B7001BD7A5 /* Products */ = {
			isa = PBXGroup;
			children = (
				063542882908B6B7001BD7A5 /* DezRacas.app */,
			);
			name = Products;
			sourceTree = "<group>";
		};
		0635428A2908B6B7001BD7A5 /* DezRacas */ = {
			isa = PBXGroup;
			children = (
				063542A129094DCB001BD7A5 /* Presentation */,
				0635428B2908B6B7001BD7A5 /* AppDelegate.swift */,
				0635428D2908B6B7001BD7A5 /* SceneDelegate.swift */,
				063542942908B6B9001BD7A5 /* Assets.xcassets */,
				063542962908B6B9001BD7A5 /* LaunchScreen.storyboard */,
				063542992908B6B9001BD7A5 /* Info.plist */,
				067BA946290963F9001B0D59 /* UIViewController+Extensions.swift */,
			);
			path = DezRacas;
			sourceTree = "<group>";
		};
		063542A129094DCB001BD7A5 /* Presentation */ = {
			isa = PBXGroup;
			children = (
				063542A229094DE0001BD7A5 /* Cell */,
				0635429F2908B970001BD7A5 /* DogView.swift */,
				0635428F2908B6B7001BD7A5 /* DogViewController.swift */,
				067BA942290952BA001B0D59 /* DogViewModel.swift */,
			);
			path = Presentation;
			sourceTree = "<group>";
		};
		063542A229094DE0001BD7A5 /* Cell */ = {
			isa = PBXGroup;
			children = (
				063542A329094E0C001BD7A5 /* DogTableViewCell.swift */,
			);
			path = Cell;
			sourceTree = "<group>";
		};
/* End PBXGroup section */

/* Begin PBXNativeTarget section */
		063542872908B6B7001BD7A5 /* DezRacas */ = {
			isa = PBXNativeTarget;
			buildConfigurationList = 0635429C2908B6B9001BD7A5 /* Build configuration list for PBXNativeTarget "DezRacas" */;
			buildPhases = (
				063542842908B6B7001BD7A5 /* Sources */,
				063542852908B6B7001BD7A5 /* Frameworks */,
				063542862908B6B7001BD7A5 /* Resources */,
			);
			buildRules = (
			);
			dependencies = (
			);
			name = DezRacas;
			productName = DezRacas;
			productReference = 063542882908B6B7001BD7A5 /* DezRacas.app */;
			productType = "com.apple.product-type.application";
		};
/* End PBXNativeTarget section */

/* Begin PBXProject section */
		063542802908B6B7001BD7A5 /* Project object */ = {
			isa = PBXProject;
			attributes = {
				BuildIndependentTargetsInParallel = 1;
				LastSwiftUpdateCheck = 1400;
				LastUpgradeCheck = 1400;
				TargetAttributes = {
					063542872908B6B7001BD7A5 = {
						CreatedOnToolsVersion = 14.0;
					};
				};
			};
			buildConfigurationList = 063542832908B6B7001BD7A5 /* Build configuration list for PBXProject "DezRacas" */;
			compatibilityVersion = "Xcode 14.0";
			developmentRegion = en;
			hasScannedForEncodings = 0;
			knownRegions = (
				en,
				Base,
			);
			mainGroup = 0635427F2908B6B7001BD7A5;
			productRefGroup = 063542892908B6B7001BD7A5 /* Products */;
			projectDirPath = "";
			projectRoot = "";
			targets = (
				063542872908B6B7001BD7A5 /* DezRacas */,
			);
		};
/* End PBXProject section */

/* Begin PBXResourcesBuildPhase section */
		063542862908B6B7001BD7A5 /* Resources */ = {
			isa = PBXResourcesBuildPhase;
			buildActionMask = 2147483647;
			files = (
				063542982908B6B9001BD7A5 /* LaunchScreen.storyboard in Resources */,
				063542952908B6B9001BD7A5 /* Assets.xcassets in Resources */,
			);
			runOnlyForDeploymentPostprocessing = 0;
		};
/* End PBXResourcesBuildPhase section */

/* Begin PBXSourcesBuildPhase section */
		063542842908B6B7001BD7A5 /* Sources */ = {
			isa = PBXSourcesBuildPhase;
			buildActionMask = 2147483647;
			files = (
				063542902908B6B7001BD7A5 /* DogViewController.swift in Sources */,
				063542A02908B970001BD7A5 /* DogView.swift in Sources */,
				063542A429094E0C001BD7A5 /* DogTableViewCell.swift in Sources */,
				067BA947290963F9001B0D59 /* UIViewController+Extensions.swift in Sources */,
				067BA943290952BA001B0D59 /* DogViewModel.swift in Sources */,
				0635428C2908B6B7001BD7A5 /* AppDelegate.swift in Sources */,
				0635428E2908B6B7001BD7A5 /* SceneDelegate.swift in Sources */,
			);
			runOnlyForDeploymentPostprocessing = 0;
		};
/* End PBXSourcesBuildPhase section */

/* Begin PBXVariantGroup section */
		063542962908B6B9001BD7A5 /* LaunchScreen.storyboard */ = {
			isa = PBXVariantGroup;
			children = (
				063542972908B6B9001BD7A5 /* Base */,
			);
			name = LaunchScreen.storyboard;
			sourceTree = "<group>";
		};
/* End PBXVariantGroup section */

/* Begin XCBuildConfiguration section */
		0635429A2908B6B9001BD7A5 /* Debug */ = {
			isa = XCBuildConfiguration;
			buildSettings = {
				ALWAYS_SEARCH_USER_PATHS = NO;
				CLANG_ANALYZER_NONNULL = YES;
				CLANG_ANALYZER_NUMBER_OBJECT_CONVERSION = YES_AGGRESSIVE;
				CLANG_CXX_LANGUAGE_STANDARD = "gnu++20";
				CLANG_ENABLE_MODULES = YES;
				CLANG_ENABLE_OBJC_ARC = YES;
				CLANG_ENABLE_OBJC_WEAK = YES;
				CLANG_WARN_BLOCK_CAPTURE_AUTORELEASING = YES;
				CLANG_WARN_BOOL_CONVERSION = YES;
				CLANG_WARN_COMMA = YES;
				CLANG_WARN_CONSTANT_CONVERSION = YES;
				CLANG_WARN_DEPRECATED_OBJC_IMPLEMENTATIONS = YES;
				CLANG_WARN_DIRECT_OBJC_ISA_USAGE = YES_ERROR;
				CLANG_WARN_DOCUMENTATION_COMMENTS = YES;
				CLANG_WARN_EMPTY_BODY = YES;
				CLANG_WARN_ENUM_CONVERSION = YES;
				CLANG_WARN_INFINITE_RECURSION = YES;
				CLANG_WARN_INT_CONVERSION = YES;
				CLANG_WARN_NON_LITERAL_NULL_CONVERSION = YES;
				CLANG_WARN_OBJC_IMPLICIT_RETAIN_SELF = YES;
				CLANG_WARN_OBJC_LITERAL_CONVERSION = YES;
				CLANG_WARN_OBJC_ROOT_CLASS = YES_ERROR;
				CLANG_WARN_QUOTED_INCLUDE_IN_FRAMEWORK_HEADER = YES;
				CLANG_WARN_RANGE_LOOP_ANALYSIS = YES;
				CLANG_WARN_STRICT_PROTOTYPES = YES;
				CLANG_WARN_SUSPICIOUS_MOVE = YES;
				CLANG_WARN_UNGUARDED_AVAILABILITY = YES_AGGRESSIVE;
				CLANG_WARN_UNREACHABLE_CODE = YES;
				CLANG_WARN__DUPLICATE_METHOD_MATCH = YES;
				COPY_PHASE_STRIP = NO;
				DEBUG_INFORMATION_FORMAT = dwarf;
				ENABLE_STRICT_OBJC_MSGSEND = YES;
				ENABLE_TESTABILITY = YES;
				GCC_C_LANGUAGE_STANDARD = gnu11;
				GCC_DYNAMIC_NO_PIC = NO;
				GCC_NO_COMMON_BLOCKS = YES;
				GCC_OPTIMIZATION_LEVEL = 0;
				GCC_PREPROCESSOR_DEFINITIONS = (
					"DEBUG=1",
					"$(inherited)",
				);
				GCC_WARN_64_TO_32_BIT_CONVERSION = YES;
				GCC_WARN_ABOUT_RETURN_TYPE = YES_ERROR;
				GCC_WARN_UNDECLARED_SELECTOR = YES;
				GCC_WARN_UNINITIALIZED_AUTOS = YES_AGGRESSIVE;
				GCC_WARN_UNUSED_FUNCTION = YES;
				GCC_WARN_UNUSED_VARIABLE = YES;
				IPHONEOS_DEPLOYMENT_TARGET = 16.0;
				MTL_ENABLE_DEBUG_INFO = INCLUDE_SOURCE;
				MTL_FAST_MATH = YES;
				ONLY_ACTIVE_ARCH = YES;
				SDKROOT = iphoneos;
				SWIFT_ACTIVE_COMPILATION_CONDITIONS = DEBUG;
				SWIFT_OPTIMIZATION_LEVEL = "-Onone";
			};
			name = Debug;
		};
		0635429B2908B6B9001BD7A5 /* Release */ = {
			isa = XCBuildConfiguration;
			buildSettings = {
				ALWAYS_SEARCH_USER_PATHS = NO;
				CLANG_ANALYZER_NONNULL = YES;
				CLANG_ANALYZER_NUMBER_OBJECT_CONVERSION = YES_AGGRESSIVE;
				CLANG_CXX_LANGUAGE_STANDARD = "gnu++20";
				CLANG_ENABLE_MODULES = YES;
				CLANG_ENABLE_OBJC_ARC = YES;
				CLANG_ENABLE_OBJC_WEAK = YES;
				CLANG_WARN_BLOCK_CAPTURE_AUTORELEASING = YES;
				CLANG_WARN_BOOL_CONVERSION = YES;
				CLANG_WARN_COMMA = YES;
				CLANG_WARN_CONSTANT_CONVERSION = YES;
				CLANG_WARN_DEPRECATED_OBJC_IMPLEMENTATIONS = YES;
				CLANG_WARN_DIRECT_OBJC_ISA_USAGE = YES_ERROR;
				CLANG_WARN_DOCUMENTATION_COMMENTS = YES;
				CLANG_WARN_EMPTY_BODY = YES;
				CLANG_WARN_ENUM_CONVERSION = YES;
				CLANG_WARN_INFINITE_RECURSION = YES;
				CLANG_WARN_INT_CONVERSION = YES;
				CLANG_WARN_NON_LITERAL_NULL_CONVERSION = YES;
				CLANG_WARN_OBJC_IMPLICIT_RETAIN_SELF = YES;
				CLANG_WARN_OBJC_LITERAL_CONVERSION = YES;
				CLANG_WARN_OBJC_ROOT_CLASS = YES_ERROR;
				CLANG_WARN_QUOTED_INCLUDE_IN_FRAMEWORK_HEADER = YES;
				CLANG_WARN_RANGE_LOOP_ANALYSIS = YES;
				CLANG_WARN_STRICT_PROTOTYPES = YES;
				CLANG_WARN_SUSPICIOUS_MOVE = YES;
				CLANG_WARN_UNGUARDED_AVAILABILITY = YES_AGGRESSIVE;
				CLANG_WARN_UNREACHABLE_CODE = YES;
				CLANG_WARN__DUPLICATE_METHOD_MATCH = YES;
				COPY_PHASE_STRIP = NO;
				DEBUG_INFORMATION_FORMAT = "dwarf-with-dsym";
				ENABLE_NS_ASSERTIONS = NO;
				ENABLE_STRICT_OBJC_MSGSEND = YES;
				GCC_C_LANGUAGE_STANDARD = gnu11;
				GCC_NO_COMMON_BLOCKS = YES;
				GCC_WARN_64_TO_32_BIT_CONVERSION = YES;
				GCC_WARN_ABOUT_RETURN_TYPE = YES_ERROR;
				GCC_WARN_UNDECLARED_SELECTOR = YES;
				GCC_WARN_UNINITIALIZED_AUTOS = YES_AGGRESSIVE;
				GCC_WARN_UNUSED_FUNCTION = YES;
				GCC_WARN_UNUSED_VARIABLE = YES;
				IPHONEOS_DEPLOYMENT_TARGET = 16.0;
				MTL_ENABLE_DEBUG_INFO = NO;
				MTL_FAST_MATH = YES;
				SDKROOT = iphoneos;
				SWIFT_COMPILATION_MODE = wholemodule;
				SWIFT_OPTIMIZATION_LEVEL = "-O";
				VALIDATE_PRODUCT = YES;
			};
			name = Release;
		};
		0635429D2908B6B9001BD7A5 /* Debug */ = {
			isa = XCBuildConfiguration;
			buildSettings = {
				ASSETCATALOG_COMPILER_APPICON_NAME = AppIcon;
				ASSETCATALOG_COMPILER_GLOBAL_ACCENT_COLOR_NAME = AccentColor;
				CODE_SIGN_STYLE = Automatic;
				CURRENT_PROJECT_VERSION = 1;
				DEVELOPMENT_TEAM = SAVTXQ62KA;
				GENERATE_INFOPLIST_FILE = YES;
				INFOPLIST_FILE = DezRacas/Info.plist;
				INFOPLIST_KEY_UIApplicationSupportsIndirectInputEvents = YES;
				INFOPLIST_KEY_UILaunchStoryboardName = LaunchScreen;
				INFOPLIST_KEY_UIStatusBarStyle = "";
				INFOPLIST_KEY_UISupportedInterfaceOrientations_iPad = "UIInterfaceOrientationPortrait UIInterfaceOrientationPortraitUpsideDown UIInterfaceOrientationLandscapeLeft UIInterfaceOrientationLandscapeRight";
				INFOPLIST_KEY_UISupportedInterfaceOrientations_iPhone = "UIInterfaceOrientationPortrait UIInterfaceOrientationLandscapeLeft UIInterfaceOrientationLandscapeRight";
				LD_RUNPATH_SEARCH_PATHS = (
					"$(inherited)",
					"@executable_path/Frameworks",
				);
				MARKETING_VERSION = 1.0;
				PRODUCT_BUNDLE_IDENTIFIER = lucas.DezRacas;
				PRODUCT_NAME = "$(TARGET_NAME)";
				SWIFT_EMIT_LOC_STRINGS = YES;
				SWIFT_VERSION = 5.0;
				TARGETED_DEVICE_FAMILY = "1,2";
			};
			name = Debug;
		};
		0635429E2908B6B9001BD7A5 /* Release */ = {
			isa = XCBuildConfiguration;
			buildSettings = {
				ASSETCATALOG_COMPILER_APPICON_NAME = AppIcon;
				ASSETCATALOG_COMPILER_GLOBAL_ACCENT_COLOR_NAME = AccentColor;
				CODE_SIGN_STYLE = Automatic;
				CURRENT_PROJECT_VERSION = 1;
				DEVELOPMENT_TEAM = SAVTXQ62KA;
				GENERATE_INFOPLIST_FILE = YES;
				INFOPLIST_FILE = DezRacas/Info.plist;
				INFOPLIST_KEY_UIApplicationSupportsIndirectInputEvents = YES;
				INFOPLIST_KEY_UILaunchStoryboardName = LaunchScreen;
				INFOPLIST_KEY_UIStatusBarStyle = "";
				INFOPLIST_KEY_UISupportedInterfaceOrientations_iPad = "UIInterfaceOrientationPortrait UIInterfaceOrientationPortraitUpsideDown UIInterfaceOrientationLandscapeLeft UIInterfaceOrientationLandscapeRight";
				INFOPLIST_KEY_UISupportedInterfaceOrientations_iPhone = "UIInterfaceOrientationPortrait UIInterfaceOrientationLandscapeLeft UIInterfaceOrientationLandscapeRight";
				LD_RUNPATH_SEARCH_PATHS = (
					"$(inherited)",
					"@executable_path/Frameworks",
				);
				MARKETING_VERSION = 1.0;
				PRODUCT_BUNDLE_IDENTIFIER = lucas.DezRacas;
				PRODUCT_NAME = "$(TARGET_NAME)";
				SWIFT_EMIT_LOC_STRINGS = YES;
				SWIFT_VERSION = 5.0;
				TARGETED_DEVICE_FAMILY = "1,2";
			};
			name = Release;
		};
/* End XCBuildConfiguration section */

/* Begin XCConfigurationList section */
		063542832908B6B7001BD7A5 /* Build configuration list for PBXProject "DezRacas" */ = {
			isa = XCConfigurationList;
			buildConfigurations = (
				0635429A2908B6B9001BD7A5 /* Debug */,
				0635429B2908B6B9001BD7A5 /* Release */,
			);
			defaultConfigurationIsVisible = 0;
			defaultConfigurationName = Release;
		};
		0635429C2908B6B9001BD7A5 /* Build configuration list for PBXNativeTarget "DezRacas" */ = {
			isa = XCConfigurationList;
			buildConfigurations = (
				0635429D2908B6B9001BD7A5 /* Debug */,
				0635429E2908B6B9001BD7A5 /* Release */,
			);
			defaultConfigurationIsVisible = 0;
			defaultConfigurationName = Release;
		};
/* End XCConfigurationList section */
	};
	rootObject = 063542802908B6B7001BD7A5 /* Project object */;
}
